
Microsoft Visual Studio Solution File, Format Version 12.00
# Visual Studio Version 16
VisualStudioVersion = 16.0.28711.60
MinimumVisualStudioVersion = 10.0.40219.1
Project("{9A19103F-16F7-4668-BE54-9A1E7A4F7556}") = "Todos2019", "Todos2019\Todos2019.csproj", "{AB7B8AF8-3742-401D-BD1F-0F266AF1146E}"
EndProject
Project("{FAE04EC0-301F-11D3-BF4B-00C04F79EFBC}") = "Todos2019.Tests", "Todos2019.Tests\Todos2019.Tests.csproj", "{5CEF3138-5588-4894-B87A-821625622387}"
EndProject
Global
	GlobalSection(SolutionConfigurationPlatforms) = preSolution
		Debug|Any CPU = Debug|Any CPU
		Release|Any CPU = Release|Any CPU
	EndGlobalSection
	GlobalSection(ProjectConfigurationPlatforms) = postSolution
		{AB7B8AF8-3742-401D-BD1F-0F266AF1146E}.Debug|Any CPU.ActiveCfg = Debug|Any CPU
		{AB7B8AF8-3742-401D-BD1F-0F266AF1146E}.Debug|Any CPU.Build.0 = Debug|Any CPU
		{AB7B8AF8-3742-401D-BD1F-0F266AF1146E}.Release|Any CPU.ActiveCfg = Release|Any CPU
		{AB7B8AF8-3742-401D-BD1F-0F266AF1146E}.Release|Any CPU.Build.0 = Release|Any CPU
		{5CEF3138-5588-4894-B87A-821625622387}.Debug|Any CPU.ActiveCfg = Debug|Any CPU
		{5CEF3138-5588-4894-B87A-821625622387}.Debug|Any CPU.Build.0 = Debug|Any CPU
		{5CEF3138-5588-4894-B87A-821625622387}.Release|Any CPU.ActiveCfg = Release|Any CPU
		{5CEF3138-5588-4894-B87A-821625622387}.Release|Any CPU.Build.0 = Release|Any CPU
	EndGlobalSection
	GlobalSection(SolutionProperties) = preSolution
		HideSolutionNode = FALSE
	EndGlobalSection
	GlobalSection(ExtensibilityGlobals) = postSolution
		SolutionGuid = {F6929533-A0D4-41A9-AF87-6B8A16946B03}
	EndGlobalSection
EndGlobal
